
Microsoft Visual Studio Solution File, Format Version 12.00
# Visual Studio Version 17
VisualStudioVersion = 17.14.36401.2
MinimumVisualStudioVersion = 10.0.40219.1
Project("{FAE04EC0-301F-11D3-BF4B-00C04F79EFBC}") = "Statistic", "Statistic.csproj", "{273E47E8-8266-47BD-889D-FC9EA9853185}"
EndProject
Global
	GlobalSection(SolutionConfigurationPlatforms) = preSolution
		Debug|Any CPU = Debug|Any CPU
		Release|Any CPU = Release|Any CPU
	EndGlobalSection
	GlobalSection(ProjectConfigurationPlatforms) = postSolution
		{273E47E8-8266-47BD-889D-FC9EA9853185}.Debug|Any CPU.ActiveCfg = Debug|Any CPU
		{273E47E8-8266-47BD-889D-FC9EA9853185}.Debug|Any CPU.Build.0 = Debug|Any CPU
		{273E47E8-8266-47BD-889D-FC9EA9853185}.Release|Any CPU.ActiveCfg = Release|Any CPU
		{273E47E8-8266-47BD-889D-FC9EA9853185}.Release|Any CPU.Build.0 = Release|Any CPU
	EndGlobalSection
	GlobalSection(SolutionProperties) = preSolution
		HideSolutionNode = FALSE
	EndGlobalSection
	GlobalSection(ExtensibilityGlobals) = postSolution
		SolutionGuid = {9316D727-CF93-43BB-A843-10C15FB208BC}
	EndGlobalSection
EndGlobal
